
Microsoft Visual Studio Solution File, Format Version 12.00
# Visual Studio Version 17
VisualStudioVersion = 17.9.34622.214
MinimumVisualStudioVersion = 10.0.40219.1
Project("{FAE04EC0-301F-11D3-BF4B-00C04F79EFBC}") = "terver", "terver\terver.csproj", "{2E0CE2B0-A48E-4C6E-8B18-7AEC16DE109B}"
EndProject
Global
	GlobalSection(SolutionConfigurationPlatforms) = preSolution
		Debug|Any CPU = Debug|Any CPU
		Release|Any CPU = Release|Any CPU
	EndGlobalSection
	GlobalSection(ProjectConfigurationPlatforms) = postSolution
		{2E0CE2B0-A48E-4C6E-8B18-7AEC16DE109B}.Debug|Any CPU.ActiveCfg = Debug|Any CPU
		{2E0CE2B0-A48E-4C6E-8B18-7AEC16DE109B}.Debug|Any CPU.Build.0 = Debug|Any CPU
		{2E0CE2B0-A48E-4C6E-8B18-7AEC16DE109B}.Release|Any CPU.ActiveCfg = Release|Any CPU
		{2E0CE2B0-A48E-4C6E-8B18-7AEC16DE109B}.Release|Any CPU.Build.0 = Release|Any CPU
	EndGlobalSection
	GlobalSection(SolutionProperties) = preSolution
		HideSolutionNode = FALSE
	EndGlobalSection
	GlobalSection(ExtensibilityGlobals) = postSolution
		SolutionGuid = {6AF6DCD3-8E54-49B4-A46E-AB5C013C6EBB}
	EndGlobalSection
EndGlobal
